
Microsoft Visual Studio Solution File, Format Version 12.00
# Visual Studio Version 16
VisualStudioVersion = 16.0.29920.165
MinimumVisualStudioVersion = 10.0.40219.1
Project("{FAE04EC0-301F-11D3-BF4B-00C04F79EFBC}") = "lab3", "lab3\lab3.csproj", "{734B5122-571A-4B4E-87C2-BE0087525653}"
EndProject
Global
	GlobalSection(SolutionConfigurationPlatforms) = preSolution
		Debug|Any CPU = Debug|Any CPU
		Release|Any CPU = Release|Any CPU
	EndGlobalSection
	GlobalSection(ProjectConfigurationPlatforms) = postSolution
		{734B5122-571A-4B4E-87C2-BE0087525653}.Debug|Any CPU.ActiveCfg = Debug|Any CPU
		{734B5122-571A-4B4E-87C2-BE0087525653}.Debug|Any CPU.Build.0 = Debug|Any CPU
		{734B5122-571A-4B4E-87C2-BE0087525653}.Release|Any CPU.ActiveCfg = Release|Any CPU
		{734B5122-571A-4B4E-87C2-BE0087525653}.Release|Any CPU.Build.0 = Release|Any CPU
	EndGlobalSection
	GlobalSection(SolutionProperties) = preSolution
		HideSolutionNode = FALSE
	EndGlobalSection
	GlobalSection(ExtensibilityGlobals) = postSolution
		SolutionGuid = {DD8763A6-8205-4044-A2D3-4C94F8BB61CD}
	EndGlobalSection
EndGlobal
